
Microsoft Visual Studio Solution File, Format Version 12.00
# Visual Studio Version 16
VisualStudioVersion = 16.0.29306.81
MinimumVisualStudioVersion = 10.0.40219.1
Project("{8BC9CEB8-8B4A-11D0-8D11-00A0C91BC942}") = "Lamp", "Lamp\Lamp.vcxproj", "{A90740FE-25B3-4014-A7CE-F4C6AF1B3F75}"
EndProject
Project("{8BC9CEB8-8B4A-11D0-8D11-00A0C91BC942}") = "D3D12MeshletGenerator", "Lamp\Resources\MeshletGenerator\D3D12MeshletGenerator.vcxproj", "{265611FB-24A4-4FD0-B604-CD27089FC1DA}"
EndProject
Global
	GlobalSection(SolutionConfigurationPlatforms) = preSolution
		Debug|x64 = Debug|x64
		Debug|x86 = Debug|x86
		Release|x64 = Release|x64
		Release|x86 = Release|x86
	EndGlobalSection
	GlobalSection(ProjectConfigurationPlatforms) = postSolution
		{A90740FE-25B3-4014-A7CE-F4C6AF1B3F75}.Debug|x64.ActiveCfg = Debug|x64
		{A90740FE-25B3-4014-A7CE-F4C6AF1B3F75}.Debug|x64.Build.0 = Debug|x64
		{A90740FE-25B3-4014-A7CE-F4C6AF1B3F75}.Debug|x86.ActiveCfg = Debug|Win32
		{A90740FE-25B3-4014-A7CE-F4C6AF1B3F75}.Debug|x86.Build.0 = Debug|Win32
		{A90740FE-25B3-4014-A7CE-F4C6AF1B3F75}.Release|x64.ActiveCfg = Release|x64
		{A90740FE-25B3-4014-A7CE-F4C6AF1B3F75}.Release|x64.Build.0 = Release|x64
		{A90740FE-25B3-4014-A7CE-F4C6AF1B3F75}.Release|x86.ActiveCfg = Release|Win32
		{A90740FE-25B3-4014-A7CE-F4C6AF1B3F75}.Release|x86.Build.0 = Release|Win32
		{265611FB-24A4-4FD0-B604-CD27089FC1DA}.Debug|x64.ActiveCfg = Debug|x64
		{265611FB-24A4-4FD0-B604-CD27089FC1DA}.Debug|x64.Build.0 = Debug|x64
		{265611FB-24A4-4FD0-B604-CD27089FC1DA}.Debug|x86.ActiveCfg = Debug|x64
		{265611FB-24A4-4FD0-B604-CD27089FC1DA}.Release|x64.ActiveCfg = Release|x64
		{265611FB-24A4-4FD0-B604-CD27089FC1DA}.Release|x64.Build.0 = Release|x64
		{265611FB-24A4-4FD0-B604-CD27089FC1DA}.Release|x86.ActiveCfg = Release|x64
	EndGlobalSection
	GlobalSection(SolutionProperties) = preSolution
		HideSolutionNode = FALSE
	EndGlobalSection
	GlobalSection(ExtensibilityGlobals) = postSolution
		SolutionGuid = {476CD180-01B3-4EF2-8F01-11B2F3212257}
	EndGlobalSection
EndGlobal
